{
  "lockfileVersion": 1,
  "configVersion": 1,
  "workspaces": {
    "": {
      "name": "meet-scribe",
      "dependencies": {
        "@huggingface/inference": "^4.13.5",
        "cac": "^6.7.14",
        "openai": "^6.15.0",
      },
      "devDependencies": {
        "typescript": "^5.3.3",
      },
    },
  },
  "packages": {
    "@huggingface/inference": ["@huggingface/inference@4.13.5", "", { "dependencies": { "@huggingface/jinja": "^0.5.3", "@huggingface/tasks": "^0.19.67" } }, "sha512-jeRQVwoV2Xx5stHR4wyZPPvhOOm6Hi9B2hsHWWuFJBEoxlFJMbRAsQbTvQrusw2vNBfNHIqb2i9EpelNLOqhvg=="],

    "@huggingface/jinja": ["@huggingface/jinja@0.5.3", "", {}, "sha512-asqfZ4GQS0hD876Uw4qiUb7Tr/V5Q+JZuo2L+BtdrD4U40QU58nIRq3ZSgAzJgT874VLjhGVacaYfrdpXtEvtA=="],

    "@huggingface/tasks": ["@huggingface/tasks@0.19.74", "", {}, "sha512-2H3v2kkMmvx6reRo18hXWg50NH+0151O8kCkvCiuDobC5RYCIoiLz9Z1PFYXIQAvQpUfZDeeZd87figo/q5gIQ=="],

    "cac": ["cac@6.7.14", "", {}, "sha512-b6Ilus+c3RrdDk+JhLKUAQfzzgLEPy6wcXqS7f/xe1EETvsDP6GORG7SFuOs6cID5YkqchW/LXZbX5bc8j7ZcQ=="],

    "openai": ["openai@6.15.0", "", { "peerDependencies": { "ws": "^8.18.0", "zod": "^3.25 || ^4.0" }, "optionalPeers": ["ws", "zod"], "bin": { "openai": "bin/cli" } }, "sha512-F1Lvs5BoVvmZtzkUEVyh8mDQPPFolq4F+xdsx/DO8Hee8YF3IGAlZqUIsF+DVGhqf4aU0a3bTghsxB6OIsRy1g=="],

    "typescript": ["typescript@5.9.3", "", { "bin": { "tsc": "bin/tsc", "tsserver": "bin/tsserver" } }, "sha512-jl1vZzPDinLr9eUt3J/t7V6FgNEw9QjvBPdysz9KfQDD41fQrC2Y4vKQdiaUpFT4bXlb1RHhLpp8wtm6M5TgSw=="],
  }
}
